
Microsoft Visual Studio Solution File, Format Version 12.00
# Visual Studio Version 17
VisualStudioVersion = 17.8.34330.188
MinimumVisualStudioVersion = 10.0.40219.1
Project("{9A19103F-16F7-4668-BE54-9A1E7A4F7556}") = "BlazorServerApp", "BlazorServerApp\BlazorServerApp.csproj", "{EBE28BC7-3881-4CDC-8FBA-3F76063AD37F}"
EndProject
Project("{9A19103F-16F7-4668-BE54-9A1E7A4F7556}") = "BlazorWebAssemblyApplication", "BlazorWebAssemblyApplication\BlazorWebAssemblyApplication.csproj", "{E1B24A90-1C45-4DD2-B1B5-32BE9807F5D9}"
EndProject
Global
	GlobalSection(SolutionConfigurationPlatforms) = preSolution
		Debug|Any CPU = Debug|Any CPU
		Release|Any CPU = Release|Any CPU
	EndGlobalSection
	GlobalSection(ProjectConfigurationPlatforms) = postSolution
		{EBE28BC7-3881-4CDC-8FBA-3F76063AD37F}.Debug|Any CPU.ActiveCfg = Debug|Any CPU
		{EBE28BC7-3881-4CDC-8FBA-3F76063AD37F}.Debug|Any CPU.Build.0 = Debug|Any CPU
		{EBE28BC7-3881-4CDC-8FBA-3F76063AD37F}.Release|Any CPU.ActiveCfg = Release|Any CPU
		{EBE28BC7-3881-4CDC-8FBA-3F76063AD37F}.Release|Any CPU.Build.0 = Release|Any CPU
		{E1B24A90-1C45-4DD2-B1B5-32BE9807F5D9}.Debug|Any CPU.ActiveCfg = Debug|Any CPU
		{E1B24A90-1C45-4DD2-B1B5-32BE9807F5D9}.Debug|Any CPU.Build.0 = Debug|Any CPU
		{E1B24A90-1C45-4DD2-B1B5-32BE9807F5D9}.Release|Any CPU.ActiveCfg = Release|Any CPU
		{E1B24A90-1C45-4DD2-B1B5-32BE9807F5D9}.Release|Any CPU.Build.0 = Release|Any CPU
	EndGlobalSection
	GlobalSection(SolutionProperties) = preSolution
		HideSolutionNode = FALSE
	EndGlobalSection
	GlobalSection(ExtensibilityGlobals) = postSolution
		SolutionGuid = {F5FE2B05-8951-4E14-8499-63E98CBAD058}
	EndGlobalSection
EndGlobal
